// !$*UTF8*$!
{
	archiveVersion = 1;
	classes = {
	};
	objectVersion = 46;
	objects = {

/* Begin PBXBuildFile section */
		9F0332C9136A6D890094D9BF /* Trash_128x128.png in Resources */ = {isa = PBXBuildFile; fileRef = 9F0332C8136A6D890094D9BF /* Trash_128x128.png */; };
		9F0332D1136A6EEF0094D9BF /* Month.m in Sources */ = {isa = PBXBuildFile; fileRef = 9F0332D0136A6EEF0094D9BF /* Month.m */; };
		9F0332D5136A6F3C0094D9BF /* Calendar.m in Sources */ = {isa = PBXBuildFile; fileRef = 9F0332D4136A6F3C0094D9BF /* Calendar.m */; };
		9F0332D8136A6F660094D9BF /* CalendarAccount.m in Sources */ = {isa = PBXBuildFile; fileRef = 9F0332D7136A6F660094D9BF /* CalendarAccount.m */; };
		9F0332DA136A72EA0094D9BF /* libLabelTop_ios.a in Frameworks */ = {isa = PBXBuildFile; fileRef = 9F0332D9136A72E90094D9BF /* libLabelTop_ios.a */; };
		9F05425013673E78008F7DA4 /* SettingsViewController.m in Sources */ = {isa = PBXBuildFile; fileRef = 9F05424E13673E78008F7DA4 /* SettingsViewController.m */; };
		9F05425113673E78008F7DA4 /* SettingsViewController.xib in Resources */ = {isa = PBXBuildFile; fileRef = 9F05424F13673E78008F7DA4 /* SettingsViewController.xib */; };
		9F1CFA6C136769EA00337D1F /* arrow-left.png in Resources */ = {isa = PBXBuildFile; fileRef = 9F1CFA6A136769EA00337D1F /* arrow-left.png */; };
		9F1CFA6D136769EA00337D1F /* arrow-right.png in Resources */ = {isa = PBXBuildFile; fileRef = 9F1CFA6B136769EA00337D1F /* arrow-right.png */; };
		9F1CFA6F13676CD300337D1F /* buttonToday.png in Resources */ = {isa = PBXBuildFile; fileRef = 9F1CFA6E13676CD300337D1F /* buttonToday.png */; };
		9F2A88C713627A4D009815DB /* ViewConstants.m in Sources */ = {isa = PBXBuildFile; fileRef = 9F2A88C613627A4D009815DB /* ViewConstants.m */; };
		9F33263D1363D71E00DF2213 /* CalendarScroll.m in Sources */ = {isa = PBXBuildFile; fileRef = 9F33263C1363D71E00DF2213 /* CalendarScroll.m */; };
		9F35B206136A85F6002CD4AA /* CoreData.framework in Frameworks */ = {isa = PBXBuildFile; fileRef = 9F35B205136A85F6002CD4AA /* CoreData.framework */; };
		9F49FCDA1367ABCA00AC274E /* AccountEditViewController.m in Sources */ = {isa = PBXBuildFile; fileRef = 9F49FCD81367ABCA00AC274E /* AccountEditViewController.m */; };
		9F49FCDB1367ABCA00AC274E /* AccountEditViewController.xib in Resources */ = {isa = PBXBuildFile; fileRef = 9F49FCD91367ABCA00AC274E /* AccountEditViewController.xib */; };
		9F57DD5B1364DE6C00028317 /* QuartzCore.framework in Frameworks */ = {isa = PBXBuildFile; fileRef = 9F57DD5A1364DE6C00028317 /* QuartzCore.framework */; };
		9F5AF7FF13623D2F0081EEAF /* MonthView.m in Sources */ = {isa = PBXBuildFile; fileRef = 9F5AF7FE13623D2F0081EEAF /* MonthView.m */; };
		9F5AF80013623D2F0081EEAF /* MonthView.m in Sources */ = {isa = PBXBuildFile; fileRef = 9F5AF7FE13623D2F0081EEAF /* MonthView.m */; };
		9F5AF80313623D5C0081EEAF /* YearView.m in Sources */ = {isa = PBXBuildFile; fileRef = 9F5AF80213623D5C0081EEAF /* YearView.m */; };
		9F5AF80413623D5C0081EEAF /* YearView.m in Sources */ = {isa = PBXBuildFile; fileRef = 9F5AF80213623D5C0081EEAF /* YearView.m */; };
		9F5AF80713623D7C0081EEAF /* DecadeView.m in Sources */ = {isa = PBXBuildFile; fileRef = 9F5AF80613623D7C0081EEAF /* DecadeView.m */; };
		9F5AF80813623D7C0081EEAF /* DecadeView.m in Sources */ = {isa = PBXBuildFile; fileRef = 9F5AF80613623D7C0081EEAF /* DecadeView.m */; };
		9F5AF80B13623D900081EEAF /* CenturyView.m in Sources */ = {isa = PBXBuildFile; fileRef = 9F5AF80A13623D900081EEAF /* CenturyView.m */; };
		9F5AF80C13623D900081EEAF /* CenturyView.m in Sources */ = {isa = PBXBuildFile; fileRef = 9F5AF80A13623D900081EEAF /* CenturyView.m */; };
		9F6D86D013677FC700E79E0D /* logo-48.png in Resources */ = {isa = PBXBuildFile; fileRef = 9F6D86CF13677FC700E79E0D /* logo-48.png */; };
		9F74B0CA1362230100A2DE47 /* UIKit.framework in Frameworks */ = {isa = PBXBuildFile; fileRef = 9F74B0C91362230100A2DE47 /* UIKit.framework */; };
		9F74B0CC1362230100A2DE47 /* Foundation.framework in Frameworks */ = {isa = PBXBuildFile; fileRef = 9F74B0CB1362230100A2DE47 /* Foundation.framework */; };
		9F74B0CE1362230100A2DE47 /* CoreGraphics.framework in Frameworks */ = {isa = PBXBuildFile; fileRef = 9F74B0CD1362230100A2DE47 /* CoreGraphics.framework */; };
		9F74B0D41362230100A2DE47 /* InfoPlist.strings in Resources */ = {isa = PBXBuildFile; fileRef = 9F74B0D21362230100A2DE47 /* InfoPlist.strings */; };
		9F74B0D71362230100A2DE47 /* main.m in Sources */ = {isa = PBXBuildFile; fileRef = 9F74B0D61362230100A2DE47 /* main.m */; };
		9F74B0DA1362230100A2DE47 /* ZoomCalendarAppDelegate.m in Sources */ = {isa = PBXBuildFile; fileRef = 9F74B0D91362230100A2DE47 /* ZoomCalendarAppDelegate.m */; };
		9F74B0DD1362230100A2DE47 /* MainWindow.xib in Resources */ = {isa = PBXBuildFile; fileRef = 9F74B0DB1362230100A2DE47 /* MainWindow.xib */; };
		9F74B0E01362230100A2DE47 /* ZoomCalendarViewController.m in Sources */ = {isa = PBXBuildFile; fileRef = 9F74B0DF1362230100A2DE47 /* ZoomCalendarViewController.m */; };
		9F74B0E31362230100A2DE47 /* ZoomCalendarViewController.xib in Resources */ = {isa = PBXBuildFile; fileRef = 9F74B0E11362230100A2DE47 /* ZoomCalendarViewController.xib */; };
		9F74B0EA1362230100A2DE47 /* UIKit.framework in Frameworks */ = {isa = PBXBuildFile; fileRef = 9F74B0C91362230100A2DE47 /* UIKit.framework */; };
		9F74B0EB1362230100A2DE47 /* Foundation.framework in Frameworks */ = {isa = PBXBuildFile; fileRef = 9F74B0CB1362230100A2DE47 /* Foundation.framework */; };
		9F74B0EC1362230100A2DE47 /* CoreGraphics.framework in Frameworks */ = {isa = PBXBuildFile; fileRef = 9F74B0CD1362230100A2DE47 /* CoreGraphics.framework */; };
		9F74B0F41362230100A2DE47 /* InfoPlist.strings in Resources */ = {isa = PBXBuildFile; fileRef = 9F74B0F21362230100A2DE47 /* InfoPlist.strings */; };
		9F74B0F71362230100A2DE47 /* ZoomCalendarTests.h in Resources */ = {isa = PBXBuildFile; fileRef = 9F74B0F61362230100A2DE47 /* ZoomCalendarTests.h */; };
		9F74B0F91362230100A2DE47 /* ZoomCalendarTests.m in Sources */ = {isa = PBXBuildFile; fileRef = 9F74B0F81362230100A2DE47 /* ZoomCalendarTests.m */; };
		9FAF7F971367731A00BC6409 /* libGDataTouchStaticLib.a in Frameworks */ = {isa = PBXBuildFile; fileRef = 9FAF7F961367731A00BC6409 /* libGDataTouchStaticLib.a */; };
		9FC606691362534E005CD5E9 /* DayView.m in Sources */ = {isa = PBXBuildFile; fileRef = 9FC606681362534E005CD5E9 /* DayView.m */; };
/* End PBXBuildFile section */

/* Begin PBXContainerItemProxy section */
		9F74B0ED1362230100A2DE47 /* PBXContainerItemProxy */ = {
			isa = PBXContainerItemProxy;
			containerPortal = 9F74B0BC1362230100A2DE47 /* Project object */;
			proxyType = 1;
			remoteGlobalIDString = 9F74B0C41362230100A2DE47;
			remoteInfo = ZoomCalendar;
		};
		9FA7A66C13669C82000815CB /* PBXContainerItemProxy */ = {
			isa = PBXContainerItemProxy;
			containerPortal = 9FA7A66513669C82000815CB /* LabelTop_ios.xcodeproj */;
			proxyType = 2;
			remoteGlobalIDString = D2AAC07E0554694100DB518D;
			remoteInfo = LabelTop_ios;
		};
		9FAF7F8C136772F200BC6409 /* PBXContainerItemProxy */ = {
			isa = PBXContainerItemProxy;
			containerPortal = 9FAF7F81136772F000BC6409 /* GData.xcodeproj */;
			proxyType = 2;
			remoteGlobalIDString = 4F38F6A60B66E91D00B24B81;
			remoteInfo = GDataFramework;
		};
		9FAF7F8E136772F200BC6409 /* PBXContainerItemProxy */ = {
			isa = PBXContainerItemProxy;
			containerPortal = 9FAF7F81136772F000BC6409 /* GData.xcodeproj */;
			proxyType = 2;
			remoteGlobalIDString = 4F1C6E0F1027B3CE00B46459;
			remoteInfo = GDataTouchStaticLib;
		};
		9FAF7F90136772F200BC6409 /* PBXContainerItemProxy */ = {
			isa = PBXContainerItemProxy;
			containerPortal = 9FAF7F81136772F000BC6409 /* GData.xcodeproj */;
			proxyType = 2;
			remoteGlobalIDString = 4F14A9DD0B1276B70072EBB8;
			remoteInfo = GDataUnitTests;
		};
		9FAF7F92136772F200BC6409 /* PBXContainerItemProxy */ = {
			isa = PBXContainerItemProxy;
			containerPortal = 9FAF7F81136772F000BC6409 /* GData.xcodeproj */;
			proxyType = 2;
			remoteGlobalIDString = 4F85E018103B83B700B4C418;
			remoteInfo = GDataIPhoneUnitTests;
		};
		9FAF7F94136772F200BC6409 /* PBXContainerItemProxy */ = {
			isa = PBXContainerItemProxy;
			containerPortal = 9FAF7F81136772F000BC6409 /* GData.xcodeproj */;
			proxyType = 2;
			remoteGlobalIDString = 4F1AD9020B71603F00DC0485;
			remoteInfo = DevelopmentTestTool;
		};
/* End PBXContainerItemProxy section */

/* Begin PBXFileReference section */
		9F0332C8136A6D890094D9BF /* Trash_128x128.png */ = {isa = PBXFileReference; lastKnownFileType = image.png; name = Trash_128x128.png; path = Images/Trash_128x128.png; sourceTree = "<group>"; };
		9F0332CF136A6EEF0094D9BF /* Month.h */ = {isa = PBXFileReference; fileEncoding = 4; lastKnownFileType = sourcecode.c.h; path = Month.h; sourceTree = "<group>"; };
		9F0332D0136A6EEF0094D9BF /* Month.m */ = {isa = PBXFileReference; fileEncoding = 4; lastKnownFileType = sourcecode.c.objc; path = Month.m; sourceTree = "<group>"; };
		9F0332D3136A6F3C0094D9BF /* Calendar.h */ = {isa = PBXFileReference; fileEncoding = 4; lastKnownFileType = sourcecode.c.h; path = Calendar.h; sourceTree = "<group>"; };
		9F0332D4136A6F3C0094D9BF /* Calendar.m */ = {isa = PBXFileReference; fileEncoding = 4; lastKnownFileType = sourcecode.c.objc; path = Calendar.m; sourceTree = "<group>"; };
		9F0332D6136A6F660094D9BF /* CalendarAccount.h */ = {isa = PBXFileReference; fileEncoding = 4; lastKnownFileType = sourcecode.c.h; path = CalendarAccount.h; sourceTree = "<group>"; };
		9F0332D7136A6F660094D9BF /* CalendarAccount.m */ = {isa = PBXFileReference; fileEncoding = 4; lastKnownFileType = sourcecode.c.objc; path = CalendarAccount.m; sourceTree = "<group>"; };
		9F0332D9136A72E90094D9BF /* libLabelTop_ios.a */ = {isa = PBXFileReference; explicitFileType = archive.ar; path = libLabelTop_ios.a; sourceTree = BUILT_PRODUCTS_DIR; };
		9F05424D13673E78008F7DA4 /* SettingsViewController.h */ = {isa = PBXFileReference; fileEncoding = 4; lastKnownFileType = sourcecode.c.h; name = SettingsViewController.h; path = ZoomCalendar/SettingsViewController.h; sourceTree = "<group>"; };
		9F05424E13673E78008F7DA4 /* SettingsViewController.m */ = {isa = PBXFileReference; fileEncoding = 4; lastKnownFileType = sourcecode.c.objc; name = SettingsViewController.m; path = ZoomCalendar/SettingsViewController.m; sourceTree = "<group>"; };
		9F05424F13673E78008F7DA4 /* SettingsViewController.xib */ = {isa = PBXFileReference; fileEncoding = 4; lastKnownFileType = file.xib; name = SettingsViewController.xib; path = ZoomCalendar/SettingsViewController.xib; sourceTree = "<group>"; };
		9F1CFA6A136769EA00337D1F /* arrow-left.png */ = {isa = PBXFileReference; lastKnownFileType = image.png; name = "arrow-left.png"; path = "Images/arrow-left.png"; sourceTree = "<group>"; };
		9F1CFA6B136769EA00337D1F /* arrow-right.png */ = {isa = PBXFileReference; lastKnownFileType = image.png; name = "arrow-right.png"; path = "Images/arrow-right.png"; sourceTree = "<group>"; };
		9F1CFA6E13676CD300337D1F /* buttonToday.png */ = {isa = PBXFileReference; lastKnownFileType = image.png; name = buttonToday.png; path = Images/buttonToday.png; sourceTree = "<group>"; };
		9F2A88C513627A4D009815DB /* ViewConstants.h */ = {isa = PBXFileReference; fileEncoding = 4; lastKnownFileType = sourcecode.c.h; path = ViewConstants.h; sourceTree = "<group>"; };
		9F2A88C613627A4D009815DB /* ViewConstants.m */ = {isa = PBXFileReference; fileEncoding = 4; lastKnownFileType = sourcecode.c.objc; path = ViewConstants.m; sourceTree = "<group>"; };
		9F33263B1363D71E00DF2213 /* CalendarScroll.h */ = {isa = PBXFileReference; fileEncoding = 4; lastKnownFileType = sourcecode.c.h; path = CalendarScroll.h; sourceTree = "<group>"; };
		9F33263C1363D71E00DF2213 /* CalendarScroll.m */ = {isa = PBXFileReference; fileEncoding = 4; lastKnownFileType = sourcecode.c.objc; path = CalendarScroll.m; sourceTree = "<group>"; };
		9F35B205136A85F6002CD4AA /* CoreData.framework */ = {isa = PBXFileReference; lastKnownFileType = wrapper.framework; name = CoreData.framework; path = System/Library/Frameworks/CoreData.framework; sourceTree = SDKROOT; };
		9F49FCD71367ABCA00AC274E /* AccountEditViewController.h */ = {isa = PBXFileReference; fileEncoding = 4; lastKnownFileType = sourcecode.c.h; path = AccountEditViewController.h; sourceTree = "<group>"; };
		9F49FCD81367ABCA00AC274E /* AccountEditViewController.m */ = {isa = PBXFileReference; fileEncoding = 4; lastKnownFileType = sourcecode.c.objc; path = AccountEditViewController.m; sourceTree = "<group>"; };
		9F49FCD91367ABCA00AC274E /* AccountEditViewController.xib */ = {isa = PBXFileReference; fileEncoding = 4; lastKnownFileType = file.xib; path = AccountEditViewController.xib; sourceTree = "<group>"; };
		9F57DD5A1364DE6C00028317 /* QuartzCore.framework */ = {isa = PBXFileReference; lastKnownFileType = wrapper.framework; name = QuartzCore.framework; path = System/Library/Frameworks/QuartzCore.framework; sourceTree = SDKROOT; };
		9F5AF7FD13623D2F0081EEAF /* MonthView.h */ = {isa = PBXFileReference; fileEncoding = 4; lastKnownFileType = sourcecode.c.h; path = MonthView.h; sourceTree = "<group>"; };
		9F5AF7FE13623D2F0081EEAF /* MonthView.m */ = {isa = PBXFileReference; fileEncoding = 4; lastKnownFileType = sourcecode.c.objc; path = MonthView.m; sourceTree = "<group>"; };
		9F5AF80113623D5C0081EEAF /* YearView.h */ = {isa = PBXFileReference; fileEncoding = 4; lastKnownFileType = sourcecode.c.h; path = YearView.h; sourceTree = "<group>"; };
		9F5AF80213623D5C0081EEAF /* YearView.m */ = {isa = PBXFileReference; fileEncoding = 4; lastKnownFileType = sourcecode.c.objc; path = YearView.m; sourceTree = "<group>"; };
		9F5AF80513623D7C0081EEAF /* DecadeView.h */ = {isa = PBXFileReference; fileEncoding = 4; lastKnownFileType = sourcecode.c.h; path = DecadeView.h; sourceTree = "<group>"; };
		9F5AF80613623D7C0081EEAF /* DecadeView.m */ = {isa = PBXFileReference; fileEncoding = 4; lastKnownFileType = sourcecode.c.objc; path = DecadeView.m; sourceTree = "<group>"; };
		9F5AF80913623D900081EEAF /* CenturyView.h */ = {isa = PBXFileReference; fileEncoding = 4; lastKnownFileType = sourcecode.c.h; path = CenturyView.h; sourceTree = "<group>"; };
		9F5AF80A13623D900081EEAF /* CenturyView.m */ = {isa = PBXFileReference; fileEncoding = 4; lastKnownFileType = sourcecode.c.objc; path = CenturyView.m; sourceTree = "<group>"; };
		9F6D86CF13677FC700E79E0D /* logo-48.png */ = {isa = PBXFileReference; lastKnownFileType = image.png; name = "logo-48.png"; path = "Images/logo-48.png"; sourceTree = "<group>"; };
		9F74B0C51362230100A2DE47 /* ZoomCalendar.app */ = {isa = PBXFileReference; explicitFileType = wrapper.application; includeInIndex = 0; path = ZoomCalendar.app; sourceTree = BUILT_PRODUCTS_DIR; };
		9F74B0C91362230100A2DE47 /* UIKit.framework */ = {isa = PBXFileReference; lastKnownFileType = wrapper.framework; name = UIKit.framework; path = System/Library/Frameworks/UIKit.framework; sourceTree = SDKROOT; };
		9F74B0CB1362230100A2DE47 /* Foundation.framework */ = {isa = PBXFileReference; lastKnownFileType = wrapper.framework; name = Foundation.framework; path = System/Library/Frameworks/Foundation.framework; sourceTree = SDKROOT; };
		9F74B0CD1362230100A2DE47 /* CoreGraphics.framework */ = {isa = PBXFileReference; lastKnownFileType = wrapper.framework; name = CoreGraphics.framework; path = System/Library/Frameworks/CoreGraphics.framework; sourceTree = SDKROOT; };
		9F74B0D11362230100A2DE47 /* ZoomCalendar-Info.plist */ = {isa = PBXFileReference; lastKnownFileType = text.plist.xml; path = "ZoomCalendar-Info.plist"; sourceTree = "<group>"; };
		9F74B0D31362230100A2DE47 /* en */ = {isa = PBXFileReference; lastKnownFileType = text.plist.strings; name = en; path = en.lproj/InfoPlist.strings; sourceTree = "<group>"; };
		9F74B0D51362230100A2DE47 /* ZoomCalendar-Prefix.pch */ = {isa = PBXFileReference; lastKnownFileType = sourcecode.c.h; path = "ZoomCalendar-Prefix.pch"; sourceTree = "<group>"; };
		9F74B0D61362230100A2DE47 /* main.m */ = {isa = PBXFileReference; lastKnownFileType = sourcecode.c.objc; path = main.m; sourceTree = "<group>"; };
		9F74B0D81362230100A2DE47 /* ZoomCalendarAppDelegate.h */ = {isa = PBXFileReference; lastKnownFileType = sourcecode.c.h; path = ZoomCalendarAppDelegate.h; sourceTree = "<group>"; };
		9F74B0D91362230100A2DE47 /* ZoomCalendarAppDelegate.m */ = {isa = PBXFileReference; lastKnownFileType = sourcecode.c.objc; path = ZoomCalendarAppDelegate.m; sourceTree = "<group>"; };
		9F74B0DC1362230100A2DE47 /* en */ = {isa = PBXFileReference; lastKnownFileType = file.xib; name = en; path = en.lproj/MainWindow.xib; sourceTree = "<group>"; };
		9F74B0DE1362230100A2DE47 /* ZoomCalendarViewController.h */ = {isa = PBXFileReference; lastKnownFileType = sourcecode.c.h; name = ZoomCalendarViewController.h; path = ZoomCalendar/ZoomCalendarViewController.h; sourceTree = "<group>"; };
		9F74B0DF1362230100A2DE47 /* ZoomCalendarViewController.m */ = {isa = PBXFileReference; lastKnownFileType = sourcecode.c.objc; name = ZoomCalendarViewController.m; path = ZoomCalendar/ZoomCalendarViewController.m; sourceTree = "<group>"; };
		9F74B0E21362230100A2DE47 /* en */ = {isa = PBXFileReference; lastKnownFileType = file.xib; name = en; path = en.lproj/ZoomCalendarViewController.xib; sourceTree = "<group>"; };
		9F74B0E91362230100A2DE47 /* ZoomCalendarTests.octest */ = {isa = PBXFileReference; explicitFileType = wrapper.cfbundle; includeInIndex = 0; path = ZoomCalendarTests.octest; sourceTree = BUILT_PRODUCTS_DIR; };
		9F74B0F11362230100A2DE47 /* ZoomCalendarTests-Info.plist */ = {isa = PBXFileReference; lastKnownFileType = text.plist.xml; path = "ZoomCalendarTests-Info.plist"; sourceTree = "<group>"; };
		9F74B0F31362230100A2DE47 /* en */ = {isa = PBXFileReference; lastKnownFileType = text.plist.strings; name = en; path = en.lproj/InfoPlist.strings; sourceTree = "<group>"; };
		9F74B0F51362230100A2DE47 /* ZoomCalendarTests-Prefix.pch */ = {isa = PBXFileReference; lastKnownFileType = sourcecode.c.h; path = "ZoomCalendarTests-Prefix.pch"; sourceTree = "<group>"; };
		9F74B0F61362230100A2DE47 /* ZoomCalendarTests.h */ = {isa = PBXFileReference; lastKnownFileType = sourcecode.c.h; path = ZoomCalendarTests.h; sourceTree = "<group>"; };
		9F74B0F81362230100A2DE47 /* ZoomCalendarTests.m */ = {isa = PBXFileReference; lastKnownFileType = sourcecode.c.objc; path = ZoomCalendarTests.m; sourceTree = "<group>"; };
		9FA7A66513669C82000815CB /* LabelTop_ios.xcodeproj */ = {isa = PBXFileReference; lastKnownFileType = "wrapper.pb-project"; name = LabelTop_ios.xcodeproj; path = ../../LabelTop/LabelTop_code/LabelTop_ios/LabelTop_ios.xcodeproj; sourceTree = "<group>"; };
		9FAF7F81136772F000BC6409 /* GData.xcodeproj */ = {isa = PBXFileReference; lastKnownFileType = "wrapper.pb-project"; name = GData.xcodeproj; path = "../../mobile/ios/gdata-objectivec-client-1/Source/GData.xcodeproj"; sourceTree = "<group>"; };
		9FAF7F961367731A00BC6409 /* libGDataTouchStaticLib.a */ = {isa = PBXFileReference; explicitFileType = archive.ar; path = libGDataTouchStaticLib.a; sourceTree = SOURCE_ROOT; };
		9FC606671362534E005CD5E9 /* DayView.h */ = {isa = PBXFileReference; fileEncoding = 4; lastKnownFileType = sourcecode.c.h; path = DayView.h; sourceTree = "<group>"; };
		9FC606681362534E005CD5E9 /* DayView.m */ = {isa = PBXFileReference; fileEncoding = 4; lastKnownFileType = sourcecode.c.objc; path = DayView.m; sourceTree = "<group>"; };
/* End PBXFileReference section */

/* Begin PBXFrameworksBuildPhase section */
		9F74B0C21362230100A2DE47 /* Frameworks */ = {
			isa = PBXFrameworksBuildPhase;
			buildActionMask = 2147483647;
			files = (
				9F35B206136A85F6002CD4AA /* CoreData.framework in Frameworks */,
				9F0332DA136A72EA0094D9BF /* libLabelTop_ios.a in Frameworks */,
				9F57DD5B1364DE6C00028317 /* QuartzCore.framework in Frameworks */,
				9F74B0CA1362230100A2DE47 /* UIKit.framework in Frameworks */,
				9F74B0CC1362230100A2DE47 /* Foundation.framework in Frameworks */,
				9F74B0CE1362230100A2DE47 /* CoreGraphics.framework in Frameworks */,
				9FAF7F971367731A00BC6409 /* libGDataTouchStaticLib.a in Frameworks */,
			);
			runOnlyForDeploymentPostprocessing = 0;
		};
		9F74B0E51362230100A2DE47 /* Frameworks */ = {
			isa = PBXFrameworksBuildPhase;
			buildActionMask = 2147483647;
			files = (
				9F74B0EA1362230100A2DE47 /* UIKit.framework in Frameworks */,
				9F74B0EB1362230100A2DE47 /* Foundation.framework in Frameworks */,
				9F74B0EC1362230100A2DE47 /* CoreGraphics.framework in Frameworks */,
			);
			runOnlyForDeploymentPostprocessing = 0;
		};
/* End PBXFrameworksBuildPhase section */

/* Begin PBXGroup section */
		9F0332CE136A6EEF0094D9BF /* Model */ = {
			isa = PBXGroup;
			children = (
				9F0332D3136A6F3C0094D9BF /* Calendar.h */,
				9F0332D4136A6F3C0094D9BF /* Calendar.m */,
				9F0332D6136A6F660094D9BF /* CalendarAccount.h */,
				9F0332D7136A6F660094D9BF /* CalendarAccount.m */,
				9F0332CF136A6EEF0094D9BF /* Month.h */,
				9F0332D0136A6EEF0094D9BF /* Month.m */,
			);
			path = Model;
			sourceTree = "<group>";
		};
		9F0332D2136A6F000094D9BF /* Storage */ = {
			isa = PBXGroup;
			children = (
			);
			path = Storage;
			sourceTree = "<group>";
		};
		9F1CFA5F1367655100337D1F /* Images */ = {
			isa = PBXGroup;
			children = (
				9F0332C8136A6D890094D9BF /* Trash_128x128.png */,
				9F6D86CF13677FC700E79E0D /* logo-48.png */,
				9F1CFA6E13676CD300337D1F /* buttonToday.png */,
				9F1CFA6A136769EA00337D1F /* arrow-left.png */,
				9F1CFA6B136769EA00337D1F /* arrow-right.png */,
			);
			name = Images;
			sourceTree = "<group>";
		};
		9F2A88C413627955009815DB /* Resources */ = {
			isa = PBXGroup;
			children = (
				9F49FCD91367ABCA00AC274E /* AccountEditViewController.xib */,
				9F74B0E11362230100A2DE47 /* ZoomCalendarViewController.xib */,
				9F05424F13673E78008F7DA4 /* SettingsViewController.xib */,
				9F74B0DB1362230100A2DE47 /* MainWindow.xib */,
			);
			name = Resources;
			sourceTree = "<group>";
		};
		9F49FCD61367AB9C00AC274E /* Settings */ = {
			isa = PBXGroup;
			children = (
				9F05424D13673E78008F7DA4 /* SettingsViewController.h */,
				9F05424E13673E78008F7DA4 /* SettingsViewController.m */,
				9F49FCD71367ABCA00AC274E /* AccountEditViewController.h */,
				9F49FCD81367ABCA00AC274E /* AccountEditViewController.m */,
			);
			name = Settings;
			sourceTree = "<group>";
		};
		9F49FCDC1367AC5000AC274E /* App */ = {
			isa = PBXGroup;
			children = (
				9F74B0DE1362230100A2DE47 /* ZoomCalendarViewController.h */,
				9F74B0DF1362230100A2DE47 /* ZoomCalendarViewController.m */,
			);
			name = App;
			sourceTree = "<group>";
		};
		9F49FCDD1367AC8500AC274E /* Calendar */ = {
			isa = PBXGroup;
			children = (
				9F5AF7FD13623D2F0081EEAF /* MonthView.h */,
				9F5AF7FE13623D2F0081EEAF /* MonthView.m */,
				9F5AF80113623D5C0081EEAF /* YearView.h */,
				9F5AF80213623D5C0081EEAF /* YearView.m */,
				9F5AF80513623D7C0081EEAF /* DecadeView.h */,
				9F5AF80613623D7C0081EEAF /* DecadeView.m */,
				9F5AF80913623D900081EEAF /* CenturyView.h */,
				9F5AF80A13623D900081EEAF /* CenturyView.m */,
				9FC606671362534E005CD5E9 /* DayView.h */,
				9FC606681362534E005CD5E9 /* DayView.m */,
				9F2A88C513627A4D009815DB /* ViewConstants.h */,
				9F2A88C613627A4D009815DB /* ViewConstants.m */,
				9F33263B1363D71E00DF2213 /* CalendarScroll.h */,
				9F33263C1363D71E00DF2213 /* CalendarScroll.m */,
			);
			name = Calendar;
			sourceTree = "<group>";
		};
		9F5AF7FB13623AE40081EEAF /* Views */ = {
			isa = PBXGroup;
			children = (
				9F49FCDD1367AC8500AC274E /* Calendar */,
				9F49FCDC1367AC5000AC274E /* App */,
				9F49FCD61367AB9C00AC274E /* Settings */,
			);
			name = Views;
			sourceTree = "<group>";
		};
		9F74B0BA1362230100A2DE47 = {
			isa = PBXGroup;
			children = (
				9F0332D2136A6F000094D9BF /* Storage */,
				9F0332CE136A6EEF0094D9BF /* Model */,
				9F1CFA5F1367655100337D1F /* Images */,
				9F5AF7FB13623AE40081EEAF /* Views */,
				9F2A88C413627955009815DB /* Resources */,
				9F74B0D01362230100A2DE47 /* Supporting Files */,
				9F74B0EF1362230100A2DE47 /* ZoomCalendarTests */,
				9F74B0C81362230100A2DE47 /* Frameworks */,
				9F74B0C61362230100A2DE47 /* Products */,
				9FA7A66513669C82000815CB /* LabelTop_ios.xcodeproj */,
				9FAF7F81136772F000BC6409 /* GData.xcodeproj */,
			);
			sourceTree = "<group>";
		};
		9F74B0C61362230100A2DE47 /* Products */ = {
			isa = PBXGroup;
			children = (
				9F74B0C51362230100A2DE47 /* ZoomCalendar.app */,
				9F74B0E91362230100A2DE47 /* ZoomCalendarTests.octest */,
			);
			name = Products;
			sourceTree = "<group>";
		};
		9F74B0C81362230100A2DE47 /* Frameworks */ = {
			isa = PBXGroup;
			children = (
				9F0332D9136A72E90094D9BF /* libLabelTop_ios.a */,
				9F35B205136A85F6002CD4AA /* CoreData.framework */,
				9F57DD5A1364DE6C00028317 /* QuartzCore.framework */,
				9FAF7F961367731A00BC6409 /* libGDataTouchStaticLib.a */,
				9F74B0C91362230100A2DE47 /* UIKit.framework */,
				9F74B0CB1362230100A2DE47 /* Foundation.framework */,
				9F74B0CD1362230100A2DE47 /* CoreGraphics.framework */,
			);
			name = Frameworks;
			sourceTree = "<group>";
		};
		9F74B0D01362230100A2DE47 /* Supporting Files */ = {
			isa = PBXGroup;
			children = (
				9F74B0D11362230100A2DE47 /* ZoomCalendar-Info.plist */,
				9F74B0D21362230100A2DE47 /* InfoPlist.strings */,
				9F74B0D81362230100A2DE47 /* ZoomCalendarAppDelegate.h */,
				9F74B0D91362230100A2DE47 /* ZoomCalendarAppDelegate.m */,
				9F74B0D51362230100A2DE47 /* ZoomCalendar-Prefix.pch */,
				9F74B0D61362230100A2DE47 /* main.m */,
			);
			name = "Supporting Files";
			path = ZoomCalendar;
			sourceTree = "<group>";
		};
		9F74B0EF1362230100A2DE47 /* ZoomCalendarTests */ = {
			isa = PBXGroup;
			children = (
				9F74B0F61362230100A2DE47 /* ZoomCalendarTests.h */,
				9F74B0F81362230100A2DE47 /* ZoomCalendarTests.m */,
				9F74B0F01362230100A2DE47 /* Supporting Files */,
			);
			path = ZoomCalendarTests;
			sourceTree = "<group>";
		};
		9F74B0F01362230100A2DE47 /* Supporting Files */ = {
			isa = PBXGroup;
			children = (
				9F74B0F11362230100A2DE47 /* ZoomCalendarTests-Info.plist */,
				9F74B0F21362230100A2DE47 /* InfoPlist.strings */,
				9F74B0F51362230100A2DE47 /* ZoomCalendarTests-Prefix.pch */,
			);
			name = "Supporting Files";
			sourceTree = "<group>";
		};
		9FA7A66613669C82000815CB /* Products */ = {
			isa = PBXGroup;
			children = (
				9FA7A66D13669C82000815CB /* libLabelTop_ios.a */,
			);
			name = Products;
			sourceTree = "<group>";
		};
		9FAF7F82136772F000BC6409 /* Products */ = {
			isa = PBXGroup;
			children = (
				9FAF7F8D136772F200BC6409 /* GData */,
				9FAF7F8F136772F200BC6409 /* libGDataTouchStaticLib.a */,
				9FAF7F91136772F200BC6409 /* GDataUnitTests.octest */,
				9FAF7F93136772F200BC6409 /* GDataIPhoneUnitTests.octest */,
				9FAF7F95136772F200BC6409 /* DevelopmentTestTool */,
			);
			name = Products;
			sourceTree = "<group>";
		};
/* End PBXGroup section */

/* Begin PBXNativeTarget section */
		9F74B0C41362230100A2DE47 /* ZoomCalendar */ = {
			isa = PBXNativeTarget;
			buildConfigurationList = 9F74B0FC1362230100A2DE47 /* Build configuration list for PBXNativeTarget "ZoomCalendar" */;
			buildPhases = (
				9F74B0C11362230100A2DE47 /* Sources */,
				9F74B0C21362230100A2DE47 /* Frameworks */,
				9F74B0C31362230100A2DE47 /* Resources */,
			);
			buildRules = (
			);
			dependencies = (
			);
			name = ZoomCalendar;
			productName = ZoomCalendar;
			productReference = 9F74B0C51362230100A2DE47 /* ZoomCalendar.app */;
			productType = "com.apple.product-type.application";
		};
		9F74B0E81362230100A2DE47 /* ZoomCalendarTests */ = {
			isa = PBXNativeTarget;
			buildConfigurationList = 9F74B0FF1362230100A2DE47 /* Build configuration list for PBXNativeTarget "ZoomCalendarTests" */;
			buildPhases = (
				9F74B0E41362230100A2DE47 /* Sources */,
				9F74B0E51362230100A2DE47 /* Frameworks */,
				9F74B0E61362230100A2DE47 /* Resources */,
				9F74B0E71362230100A2DE47 /* ShellScript */,
			);
			buildRules = (
			);
			dependencies = (
				9F74B0EE1362230100A2DE47 /* PBXTargetDependency */,
			);
			name = ZoomCalendarTests;
			productName = ZoomCalendarTests;
			productReference = 9F74B0E91362230100A2DE47 /* ZoomCalendarTests.octest */;
			productType = "com.apple.product-type.bundle";
		};
/* End PBXNativeTarget section */

/* Begin PBXProject section */
		9F74B0BC1362230100A2DE47 /* Project object */ = {
			isa = PBXProject;
			buildConfigurationList = 9F74B0BF1362230100A2DE47 /* Build configuration list for PBXProject "ZoomCalendar" */;
			compatibilityVersion = "Xcode 3.2";
			developmentRegion = English;
			hasScannedForEncodings = 0;
			knownRegions = (
				en,
			);
			mainGroup = 9F74B0BA1362230100A2DE47;
			productRefGroup = 9F74B0C61362230100A2DE47 /* Products */;
			projectDirPath = "";
			projectReferences = (
				{
					ProductGroup = 9FAF7F82136772F000BC6409 /* Products */;
					ProjectRef = 9FAF7F81136772F000BC6409 /* GData.xcodeproj */;
				},
				{
					ProductGroup = 9FA7A66613669C82000815CB /* Products */;
					ProjectRef = 9FA7A66513669C82000815CB /* LabelTop_ios.xcodeproj */;
				},
			);
			projectRoot = "";
			targets = (
				9F74B0C41362230100A2DE47 /* ZoomCalendar */,
				9F74B0E81362230100A2DE47 /* ZoomCalendarTests */,
			);
		};
/* End PBXProject section */

/* Begin PBXReferenceProxy section */
		9FA7A66D13669C82000815CB /* libLabelTop_ios.a */ = {
			isa = PBXReferenceProxy;
			fileType = archive.ar;
			path = libLabelTop_ios.a;
			remoteRef = 9FA7A66C13669C82000815CB /* PBXContainerItemProxy */;
			sourceTree = BUILT_PRODUCTS_DIR;
		};
		9FAF7F8D136772F200BC6409 /* GData */ = {
			isa = PBXReferenceProxy;
			fileType = wrapper.framework;
			path = GData;
			remoteRef = 9FAF7F8C136772F200BC6409 /* PBXContainerItemProxy */;
			sourceTree = BUILT_PRODUCTS_DIR;
		};
		9FAF7F8F136772F200BC6409 /* libGDataTouchStaticLib.a */ = {
			isa = PBXReferenceProxy;
			fileType = archive.ar;
			path = libGDataTouchStaticLib.a;
			remoteRef = 9FAF7F8E136772F200BC6409 /* PBXContainerItemProxy */;
			sourceTree = BUILT_PRODUCTS_DIR;
		};
		9FAF7F91136772F200BC6409 /* GDataUnitTests.octest */ = {
			isa = PBXReferenceProxy;
			fileType = wrapper.cfbundle;
			path = GDataUnitTests.octest;
			remoteRef = 9FAF7F90136772F200BC6409 /* PBXContainerItemProxy */;
			sourceTree = BUILT_PRODUCTS_DIR;
		};
		9FAF7F93136772F200BC6409 /* GDataIPhoneUnitTests.octest */ = {
			isa = PBXReferenceProxy;
			fileType = wrapper.cfbundle;
			path = GDataIPhoneUnitTests.octest;
			remoteRef = 9FAF7F92136772F200BC6409 /* PBXContainerItemProxy */;
			sourceTree = BUILT_PRODUCTS_DIR;
		};
		9FAF7F95136772F200BC6409 /* DevelopmentTestTool */ = {
			isa = PBXReferenceProxy;
			fileType = "compiled.mach-o.executable";
			path = DevelopmentTestTool;
			remoteRef = 9FAF7F94136772F200BC6409 /* PBXContainerItemProxy */;
			sourceTree = BUILT_PRODUCTS_DIR;
		};
/* End PBXReferenceProxy section */

/* Begin PBXResourcesBuildPhase section */
		9F74B0C31362230100A2DE47 /* Resources */ = {
			isa = PBXResourcesBuildPhase;
			buildActionMask = 2147483647;
			files = (
				9F74B0D41362230100A2DE47 /* InfoPlist.strings in Resources */,
				9F74B0DD1362230100A2DE47 /* MainWindow.xib in Resources */,
				9F74B0E31362230100A2DE47 /* ZoomCalendarViewController.xib in Resources */,
				9F05425113673E78008F7DA4 /* SettingsViewController.xib in Resources */,
				9F1CFA6C136769EA00337D1F /* arrow-left.png in Resources */,
				9F1CFA6D136769EA00337D1F /* arrow-right.png in Resources */,
				9F1CFA6F13676CD300337D1F /* buttonToday.png in Resources */,
				9F6D86D013677FC700E79E0D /* logo-48.png in Resources */,
				9F49FCDB1367ABCA00AC274E /* AccountEditViewController.xib in Resources */,
				9F0332C9136A6D890094D9BF /* Trash_128x128.png in Resources */,
			);
			runOnlyForDeploymentPostprocessing = 0;
		};
		9F74B0E61362230100A2DE47 /* Resources */ = {
			isa = PBXResourcesBuildPhase;
			buildActionMask = 2147483647;
			files = (
				9F74B0F41362230100A2DE47 /* InfoPlist.strings in Resources */,
				9F74B0F71362230100A2DE47 /* ZoomCalendarTests.h in Resources */,
			);
			runOnlyForDeploymentPostprocessing = 0;
		};
/* End PBXResourcesBuildPhase section */

/* Begin PBXShellScriptBuildPhase section */
		9F74B0E71362230100A2DE47 /* ShellScript */ = {
			isa = PBXShellScriptBuildPhase;
			buildActionMask = 2147483647;
			files = (
			);
			inputPaths = (
			);
			outputPaths = (
			);
			runOnlyForDeploymentPostprocessing = 0;
			shellPath = /bin/sh;
			shellScript = "# Run the unit tests in this test bundle.\n\"${SYSTEM_DEVELOPER_DIR}/Tools/RunUnitTests\"\n";
		};
/* End PBXShellScriptBuildPhase section */

/* Begin PBXSourcesBuildPhase section */
		9F74B0C11362230100A2DE47 /* Sources */ = {
			isa = PBXSourcesBuildPhase;
			buildActionMask = 2147483647;
			files = (
				9F74B0D71362230100A2DE47 /* main.m in Sources */,
				9F74B0DA1362230100A2DE47 /* ZoomCalendarAppDelegate.m in Sources */,
				9F74B0E01362230100A2DE47 /* ZoomCalendarViewController.m in Sources */,
				9F5AF7FF13623D2F0081EEAF /* MonthView.m in Sources */,
				9F5AF80313623D5C0081EEAF /* YearView.m in Sources */,
				9F5AF80713623D7C0081EEAF /* DecadeView.m in Sources */,
				9F5AF80B13623D900081EEAF /* CenturyView.m in Sources */,
				9FC606691362534E005CD5E9 /* DayView.m in Sources */,
				9F2A88C713627A4D009815DB /* ViewConstants.m in Sources */,
				9F33263D1363D71E00DF2213 /* CalendarScroll.m in Sources */,
				9F05425013673E78008F7DA4 /* SettingsViewController.m in Sources */,
				9F49FCDA1367ABCA00AC274E /* AccountEditViewController.m in Sources */,
				9F0332D1136A6EEF0094D9BF /* Month.m in Sources */,
				9F0332D5136A6F3C0094D9BF /* Calendar.m in Sources */,
				9F0332D8136A6F660094D9BF /* CalendarAccount.m in Sources */,
			);
			runOnlyForDeploymentPostprocessing = 0;
		};
		9F74B0E41362230100A2DE47 /* Sources */ = {
			isa = PBXSourcesBuildPhase;
			buildActionMask = 2147483647;
			files = (
				9F74B0F91362230100A2DE47 /* ZoomCalendarTests.m in Sources */,
				9F5AF80013623D2F0081EEAF /* MonthView.m in Sources */,
				9F5AF80413623D5C0081EEAF /* YearView.m in Sources */,
				9F5AF80813623D7C0081EEAF /* DecadeView.m in Sources */,
				9F5AF80C13623D900081EEAF /* CenturyView.m in Sources */,
			);
			runOnlyForDeploymentPostprocessing = 0;
		};
/* End PBXSourcesBuildPhase section */

/* Begin PBXTargetDependency section */
		9F74B0EE1362230100A2DE47 /* PBXTargetDependency */ = {
			isa = PBXTargetDependency;
			target = 9F74B0C41362230100A2DE47 /* ZoomCalendar */;
			targetProxy = 9F74B0ED1362230100A2DE47 /* PBXContainerItemProxy */;
		};
/* End PBXTargetDependency section */

/* Begin PBXVariantGroup section */
		9F74B0D21362230100A2DE47 /* InfoPlist.strings */ = {
			isa = PBXVariantGroup;
			children = (
				9F74B0D31362230100A2DE47 /* en */,
			);
			name = InfoPlist.strings;
			sourceTree = "<group>";
		};
		9F74B0DB1362230100A2DE47 /* MainWindow.xib */ = {
			isa = PBXVariantGroup;
			children = (
				9F74B0DC1362230100A2DE47 /* en */,
			);
			name = MainWindow.xib;
			path = ZoomCalendar;
			sourceTree = "<group>";
		};
		9F74B0E11362230100A2DE47 /* ZoomCalendarViewController.xib */ = {
			isa = PBXVariantGroup;
			children = (
				9F74B0E21362230100A2DE47 /* en */,
			);
			name = ZoomCalendarViewController.xib;
			path = ZoomCalendar;
			sourceTree = "<group>";
		};
		9F74B0F21362230100A2DE47 /* InfoPlist.strings */ = {
			isa = PBXVariantGroup;
			children = (
				9F74B0F31362230100A2DE47 /* en */,
			);
			name = InfoPlist.strings;
			sourceTree = "<group>";
		};
/* End PBXVariantGroup section */

/* Begin XCBuildConfiguration section */
		9F74B0FA1362230100A2DE47 /* Debug */ = {
			isa = XCBuildConfiguration;
			buildSettings = {
				ARCHS = "$(ARCHS_UNIVERSAL_IPHONE_OS)";
				"CODE_SIGN_IDENTITY[sdk=iphoneos*]" = "iPhone Developer";
				GCC_C_LANGUAGE_STANDARD = gnu99;
				GCC_OPTIMIZATION_LEVEL = 0;
				GCC_PREPROCESSOR_DEFINITIONS = DEBUG;
				GCC_SYMBOLS_PRIVATE_EXTERN = NO;
				GCC_VERSION = com.apple.compilers.llvmgcc42;
				GCC_WARN_ABOUT_RETURN_TYPE = YES;
				GCC_WARN_UNUSED_VARIABLE = YES;
				IPHONEOS_DEPLOYMENT_TARGET = 4.3;
				SDKROOT = iphoneos;
				TARGETED_DEVICE_FAMILY = 2;
			};
			name = Debug;
		};
		9F74B0FB1362230100A2DE47 /* Release */ = {
			isa = XCBuildConfiguration;
			buildSettings = {
				ARCHS = "$(ARCHS_UNIVERSAL_IPHONE_OS)";
				"CODE_SIGN_IDENTITY[sdk=iphoneos*]" = "iPhone Developer";
				GCC_C_LANGUAGE_STANDARD = gnu99;
				GCC_VERSION = com.apple.compilers.llvmgcc42;
				GCC_WARN_ABOUT_RETURN_TYPE = YES;
				GCC_WARN_UNUSED_VARIABLE = YES;
				IPHONEOS_DEPLOYMENT_TARGET = 4.3;
				OTHER_CFLAGS = "-DNS_BLOCK_ASSERTIONS=1";
				SDKROOT = iphoneos;
				TARGETED_DEVICE_FAMILY = 2;
			};
			name = Release;
		};
		9F74B0FD1362230100A2DE47 /* Debug */ = {
			isa = XCBuildConfiguration;
			buildSettings = {
				ALWAYS_SEARCH_USER_PATHS = NO;
				CODE_SIGN_IDENTITY = "iPhone Developer: Hasan Adil (YQ97VFN7WN)";
				"CODE_SIGN_IDENTITY[sdk=iphoneos*]" = "iPhone Developer: Hasan Adil (YQ97VFN7WN)";
				COPY_PHASE_STRIP = NO;
				GCC_DYNAMIC_NO_PIC = NO;
				GCC_PRECOMPILE_PREFIX_HEADER = YES;
				GCC_PREFIX_HEADER = "ZoomCalendar/ZoomCalendar-Prefix.pch";
				HEADER_SEARCH_PATHS = "$(SDKROOT)/usr/include/libxml2/**";
				INFOPLIST_FILE = "ZoomCalendar/ZoomCalendar-Info.plist";
				IPHONEOS_DEPLOYMENT_TARGET = 4.0;
				LIBRARY_SEARCH_PATHS = (
					"$(inherited)",
					"\"$(SRCROOT)\"",
				);
				OTHER_LDFLAGS = "-lxml2";
				PRODUCT_NAME = "$(TARGET_NAME)";
				PROVISIONING_PROFILE = "E6EA724D-5D6C-4E11-9E2A-EAE4A743F070";
				"PROVISIONING_PROFILE[sdk=iphoneos*]" = "E6EA724D-5D6C-4E11-9E2A-EAE4A743F070";
				USER_HEADER_SEARCH_PATHS = "/Users/hasan/mobile/ios/gdata-objectivec-client-1/Source/** /Users/hasan/LabelTop/LabelTop_code/LabelTop_ios/**";
				WRAPPER_EXTENSION = app;
			};
			name = Debug;
		};
		9F74B0FE1362230100A2DE47 /* Release */ = {
			isa = XCBuildConfiguration;
			buildSettings = {
				ALWAYS_SEARCH_USER_PATHS = NO;
				COPY_PHASE_STRIP = YES;
				GCC_PRECOMPILE_PREFIX_HEADER = YES;
				GCC_PREFIX_HEADER = "ZoomCalendar/ZoomCalendar-Prefix.pch";
				HEADER_SEARCH_PATHS = "$(SDKROOT)/usr/include/libxml2/**";
				INFOPLIST_FILE = "ZoomCalendar/ZoomCalendar-Info.plist";
				IPHONEOS_DEPLOYMENT_TARGET = 4.0;
				LIBRARY_SEARCH_PATHS = (
					"$(inherited)",
					"\"$(SRCROOT)\"",
				);
				OTHER_LDFLAGS = "-lxml2";
				PRODUCT_NAME = "$(TARGET_NAME)";
				USER_HEADER_SEARCH_PATHS = "/Users/hasan/mobile/ios/gdata-objectivec-client-1/Source/** /Users/hasan/LabelTop/LabelTop_code/LabelTop_ios/**";
				VALIDATE_PRODUCT = YES;
				WRAPPER_EXTENSION = app;
			};
			name = Release;
		};
		9F74B1001362230100A2DE47 /* Debug */ = {
			isa = XCBuildConfiguration;
			buildSettings = {
				ALWAYS_SEARCH_USER_PATHS = NO;
				ARCHS = "$(ARCHS_STANDARD_32_BIT)";
				BUNDLE_LOADER = "$(BUILT_PRODUCTS_DIR)/ZoomCalendar.app/ZoomCalendar";
				FRAMEWORK_SEARCH_PATHS = (
					"$(SDKROOT)/Developer/Library/Frameworks",
					"$(DEVELOPER_LIBRARY_DIR)/Frameworks",
				);
				GCC_PRECOMPILE_PREFIX_HEADER = YES;
				GCC_PREFIX_HEADER = "ZoomCalendarTests/ZoomCalendarTests-Prefix.pch";
				INFOPLIST_FILE = "ZoomCalendarTests/ZoomCalendarTests-Info.plist";
				OTHER_LDFLAGS = (
					"-framework",
					SenTestingKit,
				);
				PRODUCT_NAME = "$(TARGET_NAME)";
				TEST_HOST = "$(BUNDLE_LOADER)";
				WRAPPER_EXTENSION = octest;
			};
			name = Debug;
		};
		9F74B1011362230100A2DE47 /* Release */ = {
			isa = XCBuildConfiguration;
			buildSettings = {
				ALWAYS_SEARCH_USER_PATHS = NO;
				ARCHS = "$(ARCHS_STANDARD_32_BIT)";
				BUNDLE_LOADER = "$(BUILT_PRODUCTS_DIR)/ZoomCalendar.app/ZoomCalendar";
				FRAMEWORK_SEARCH_PATHS = (
					"$(SDKROOT)/Developer/Library/Frameworks",
					"$(DEVELOPER_LIBRARY_DIR)/Frameworks",
				);
				GCC_PRECOMPILE_PREFIX_HEADER = YES;
				GCC_PREFIX_HEADER = "ZoomCalendarTests/ZoomCalendarTests-Prefix.pch";
				INFOPLIST_FILE = "ZoomCalendarTests/ZoomCalendarTests-Info.plist";
				OTHER_LDFLAGS = (
					"-framework",
					SenTestingKit,
				);
				PRODUCT_NAME = "$(TARGET_NAME)";
				TEST_HOST = "$(BUNDLE_LOADER)";
				WRAPPER_EXTENSION = octest;
			};
			name = Release;
		};
/* End XCBuildConfiguration section */

/* Begin XCConfigurationList section */
		9F74B0BF1362230100A2DE47 /* Build configuration list for PBXProject "ZoomCalendar" */ = {
			isa = XCConfigurationList;
			buildConfigurations = (
				9F74B0FA1362230100A2DE47 /* Debug */,
				9F74B0FB1362230100A2DE47 /* Release */,
			);
			defaultConfigurationIsVisible = 0;
			defaultConfigurationName = Release;
		};
		9F74B0FC1362230100A2DE47 /* Build configuration list for PBXNativeTarget "ZoomCalendar" */ = {
			isa = XCConfigurationList;
			buildConfigurations = (
				9F74B0FD1362230100A2DE47 /* Debug */,
				9F74B0FE1362230100A2DE47 /* Release */,
			);
			defaultConfigurationIsVisible = 0;
			defaultConfigurationName = Release;
		};
		9F74B0FF1362230100A2DE47 /* Build configuration list for PBXNativeTarget "ZoomCalendarTests" */ = {
			isa = XCConfigurationList;
			buildConfigurations = (
				9F74B1001362230100A2DE47 /* Debug */,
				9F74B1011362230100A2DE47 /* Release */,
			);
			defaultConfigurationIsVisible = 0;
			defaultConfigurationName = Release;
		};
/* End XCConfigurationList section */
	};
	rootObject = 9F74B0BC1362230100A2DE47 /* Project object */;
}
